
Microsoft Visual Studio Solution File, Format Version 12.00
# Visual Studio Version 17
VisualStudioVersion = 17.13.35818.85 d17.13
MinimumVisualStudioVersion = 10.0.40219.1
Project("{8BC9CEB8-8B4A-11D0-8D11-00A0C91BC942}") = "task1", "task1\task1.vcxproj", "{8D6E26A5-6A9E-4A37-BCBA-653C752131D9}"
EndProject
Global
	GlobalSection(SolutionConfigurationPlatforms) = preSolution
		Debug|x64 = Debug|x64
		Debug|x86 = Debug|x86
		Release|x64 = Release|x64
		Release|x86 = Release|x86
	EndGlobalSection
	GlobalSection(ProjectConfigurationPlatforms) = postSolution
		{8D6E26A5-6A9E-4A37-BCBA-653C752131D9}.Debug|x64.ActiveCfg = Debug|x64
		{8D6E26A5-6A9E-4A37-BCBA-653C752131D9}.Debug|x64.Build.0 = Debug|x64
		{8D6E26A5-6A9E-4A37-BCBA-653C752131D9}.Debug|x86.ActiveCfg = Debug|Win32
		{8D6E26A5-6A9E-4A37-BCBA-653C752131D9}.Debug|x86.Build.0 = Debug|Win32
		{8D6E26A5-6A9E-4A37-BCBA-653C752131D9}.Release|x64.ActiveCfg = Release|x64
		{8D6E26A5-6A9E-4A37-BCBA-653C752131D9}.Release|x64.Build.0 = Release|x64
		{8D6E26A5-6A9E-4A37-BCBA-653C752131D9}.Release|x86.ActiveCfg = Release|Win32
		{8D6E26A5-6A9E-4A37-BCBA-653C752131D9}.Release|x86.Build.0 = Release|Win32
	EndGlobalSection
	GlobalSection(SolutionProperties) = preSolution
		HideSolutionNode = FALSE
	EndGlobalSection
	GlobalSection(ExtensibilityGlobals) = postSolution
		SolutionGuid = {FB508751-7B7A-4F62-B8C1-84E21D26AD0B}
	EndGlobalSection
EndGlobal
